
Microsoft Visual Studio Solution File, Format Version 12.00
# Visual Studio Version 17
VisualStudioVersion = 17.9.34607.119
MinimumVisualStudioVersion = 10.0.40219.1
Project("{FAE04EC0-301F-11D3-BF4B-00C04F79EFBC}") = "03_strategy_pattern", "03_strategy_pattern\03_strategy_pattern.csproj", "{B3BF6F9E-57A5-4B7A-85C6-D2731189AEA9}"
EndProject
Global
	GlobalSection(SolutionConfigurationPlatforms) = preSolution
		Debug|Any CPU = Debug|Any CPU
		Release|Any CPU = Release|Any CPU
	EndGlobalSection
	GlobalSection(ProjectConfigurationPlatforms) = postSolution
		{B3BF6F9E-57A5-4B7A-85C6-D2731189AEA9}.Debug|Any CPU.ActiveCfg = Debug|Any CPU
		{B3BF6F9E-57A5-4B7A-85C6-D2731189AEA9}.Debug|Any CPU.Build.0 = Debug|Any CPU
		{B3BF6F9E-57A5-4B7A-85C6-D2731189AEA9}.Release|Any CPU.ActiveCfg = Release|Any CPU
		{B3BF6F9E-57A5-4B7A-85C6-D2731189AEA9}.Release|Any CPU.Build.0 = Release|Any CPU
	EndGlobalSection
	GlobalSection(SolutionProperties) = preSolution
		HideSolutionNode = FALSE
	EndGlobalSection
	GlobalSection(ExtensibilityGlobals) = postSolution
		SolutionGuid = {5EDC8A30-A0AD-4647-8890-BA09DB4FBFF2}
	EndGlobalSection
EndGlobal
