
Microsoft Visual Studio Solution File, Format Version 12.00
# Visual Studio Version 17
VisualStudioVersion = 17.9.34607.119
MinimumVisualStudioVersion = 10.0.40219.1
Project("{9A19103F-16F7-4668-BE54-9A1E7A4F7556}") = "00_intro", "00_intro\00_intro.csproj", "{5A86AB6F-DF91-41DC-BEB9-782AF9E78508}"
EndProject
Project("{9A19103F-16F7-4668-BE54-9A1E7A4F7556}") = "01_operators", "01_operators\01_operators.csproj", "{C0E2E621-01B3-4CE8-B452-FF03B846559C}"
EndProject
Project("{9A19103F-16F7-4668-BE54-9A1E7A4F7556}") = "02_arrays", "02_arrays\02_arrays.csproj", "{D9C52DE7-4B25-4854-ABEA-1B9E811713A0}"
EndProject
Project("{9A19103F-16F7-4668-BE54-9A1E7A4F7556}") = "03_methods", "03_methods\03_methods.csproj", "{EDEC17A6-ED0A-4745-B423-E1449C180167}"
EndProject
Project("{FAE04EC0-301F-11D3-BF4B-00C04F79EFBC}") = "04_extra", "04_extra\04_extra.csproj", "{DEBC55A9-971A-49B4-AEB0-51FDB132B478}"
EndProject
Global
	GlobalSection(SolutionConfigurationPlatforms) = preSolution
		Debug|Any CPU = Debug|Any CPU
		Release|Any CPU = Release|Any CPU
	EndGlobalSection
	GlobalSection(ProjectConfigurationPlatforms) = postSolution
		{5A86AB6F-DF91-41DC-BEB9-782AF9E78508}.Debug|Any CPU.ActiveCfg = Debug|Any CPU
		{5A86AB6F-DF91-41DC-BEB9-782AF9E78508}.Debug|Any CPU.Build.0 = Debug|Any CPU
		{5A86AB6F-DF91-41DC-BEB9-782AF9E78508}.Release|Any CPU.ActiveCfg = Release|Any CPU
		{5A86AB6F-DF91-41DC-BEB9-782AF9E78508}.Release|Any CPU.Build.0 = Release|Any CPU
		{C0E2E621-01B3-4CE8-B452-FF03B846559C}.Debug|Any CPU.ActiveCfg = Debug|Any CPU
		{C0E2E621-01B3-4CE8-B452-FF03B846559C}.Debug|Any CPU.Build.0 = Debug|Any CPU
		{C0E2E621-01B3-4CE8-B452-FF03B846559C}.Release|Any CPU.ActiveCfg = Release|Any CPU
		{C0E2E621-01B3-4CE8-B452-FF03B846559C}.Release|Any CPU.Build.0 = Release|Any CPU
		{D9C52DE7-4B25-4854-ABEA-1B9E811713A0}.Debug|Any CPU.ActiveCfg = Debug|Any CPU
		{D9C52DE7-4B25-4854-ABEA-1B9E811713A0}.Debug|Any CPU.Build.0 = Debug|Any CPU
		{D9C52DE7-4B25-4854-ABEA-1B9E811713A0}.Release|Any CPU.ActiveCfg = Release|Any CPU
		{D9C52DE7-4B25-4854-ABEA-1B9E811713A0}.Release|Any CPU.Build.0 = Release|Any CPU
		{EDEC17A6-ED0A-4745-B423-E1449C180167}.Debug|Any CPU.ActiveCfg = Debug|Any CPU
		{EDEC17A6-ED0A-4745-B423-E1449C180167}.Debug|Any CPU.Build.0 = Debug|Any CPU
		{EDEC17A6-ED0A-4745-B423-E1449C180167}.Release|Any CPU.ActiveCfg = Release|Any CPU
		{EDEC17A6-ED0A-4745-B423-E1449C180167}.Release|Any CPU.Build.0 = Release|Any CPU
		{DEBC55A9-971A-49B4-AEB0-51FDB132B478}.Debug|Any CPU.ActiveCfg = Debug|Any CPU
		{DEBC55A9-971A-49B4-AEB0-51FDB132B478}.Debug|Any CPU.Build.0 = Debug|Any CPU
		{DEBC55A9-971A-49B4-AEB0-51FDB132B478}.Release|Any CPU.ActiveCfg = Release|Any CPU
		{DEBC55A9-971A-49B4-AEB0-51FDB132B478}.Release|Any CPU.Build.0 = Release|Any CPU
	EndGlobalSection
	GlobalSection(SolutionProperties) = preSolution
		HideSolutionNode = FALSE
	EndGlobalSection
	GlobalSection(ExtensibilityGlobals) = postSolution
		SolutionGuid = {9EB1002C-E58B-4A49-9144-1FE881D87047}
	EndGlobalSection
EndGlobal
