
Microsoft Visual Studio Solution File, Format Version 12.00
# Visual Studio Version 17
VisualStudioVersion = 17.9.34607.119
MinimumVisualStudioVersion = 10.0.40219.1
Project("{9A19103F-16F7-4668-BE54-9A1E7A4F7556}") = "00_classes", "00_classes\00_classes.csproj", "{2A7946D6-A05E-4247-AC0F-A44D5EAB5968}"
EndProject
Project("{9A19103F-16F7-4668-BE54-9A1E7A4F7556}") = "01_structs", "01_structs\01_structs.csproj", "{313C043A-26BF-4233-8AE9-B9E2D435A52F}"
EndProject
Project("{9A19103F-16F7-4668-BE54-9A1E7A4F7556}") = "02_namespaces", "02_namespaces\02_namespaces.csproj", "{AF10925E-8B96-4694-B4EE-2886C8F22634}"
EndProject
Project("{9A19103F-16F7-4668-BE54-9A1E7A4F7556}") = "03_libraries", "03_libraries\03_libraries.csproj", "{CF803700-445D-4BF0-8F8D-0EADA1323F57}"
EndProject
Project("{9A19103F-16F7-4668-BE54-9A1E7A4F7556}") = "MathEngine", "MathEngine\MathEngine.csproj", "{3DFA944D-9363-467C-8E48-57AAE46B5E1A}"
EndProject
Project("{9A19103F-16F7-4668-BE54-9A1E7A4F7556}") = "FileToolKit", "FileToolKit\FileToolKit.csproj", "{897E0A92-9F8E-46C2-A3EF-53BA64EF37EF}"
EndProject
Project("{9A19103F-16F7-4668-BE54-9A1E7A4F7556}") = "04_modificators", "04_modificators\04_modificators.csproj", "{6620BCBE-9BCB-4EC8-AF7C-A9342A3A71B3}"
EndProject
Project("{9A19103F-16F7-4668-BE54-9A1E7A4F7556}") = "mod_ex", "mod_ex\mod_ex.csproj", "{84428C92-A6ED-4228-B30D-E6C4E8E77F27}"
EndProject
Project("{9A19103F-16F7-4668-BE54-9A1E7A4F7556}") = "05_properties", "05_properties\05_properties.csproj", "{43242B4F-753A-438F-B4D9-E4F3514DF4CD}"
EndProject
Project("{FAE04EC0-301F-11D3-BF4B-00C04F79EFBC}") = "06_overloading_static_const", "06_overloading_static_const\06_overloading_static_const.csproj", "{603224EE-D8E0-4E73-AA36-A3F03DD4B112}"
EndProject
Project("{FAE04EC0-301F-11D3-BF4B-00C04F79EFBC}") = "07_null", "07_null\07_null.csproj", "{13286412-CC00-4C73-84B6-8AF9EB273F8B}"
EndProject
Global
	GlobalSection(SolutionConfigurationPlatforms) = preSolution
		Debug|Any CPU = Debug|Any CPU
		Release|Any CPU = Release|Any CPU
	EndGlobalSection
	GlobalSection(ProjectConfigurationPlatforms) = postSolution
		{2A7946D6-A05E-4247-AC0F-A44D5EAB5968}.Debug|Any CPU.ActiveCfg = Debug|Any CPU
		{2A7946D6-A05E-4247-AC0F-A44D5EAB5968}.Debug|Any CPU.Build.0 = Debug|Any CPU
		{2A7946D6-A05E-4247-AC0F-A44D5EAB5968}.Release|Any CPU.ActiveCfg = Release|Any CPU
		{2A7946D6-A05E-4247-AC0F-A44D5EAB5968}.Release|Any CPU.Build.0 = Release|Any CPU
		{313C043A-26BF-4233-8AE9-B9E2D435A52F}.Debug|Any CPU.ActiveCfg = Debug|Any CPU
		{313C043A-26BF-4233-8AE9-B9E2D435A52F}.Debug|Any CPU.Build.0 = Debug|Any CPU
		{313C043A-26BF-4233-8AE9-B9E2D435A52F}.Release|Any CPU.ActiveCfg = Release|Any CPU
		{313C043A-26BF-4233-8AE9-B9E2D435A52F}.Release|Any CPU.Build.0 = Release|Any CPU
		{AF10925E-8B96-4694-B4EE-2886C8F22634}.Debug|Any CPU.ActiveCfg = Debug|Any CPU
		{AF10925E-8B96-4694-B4EE-2886C8F22634}.Debug|Any CPU.Build.0 = Debug|Any CPU
		{AF10925E-8B96-4694-B4EE-2886C8F22634}.Release|Any CPU.ActiveCfg = Release|Any CPU
		{AF10925E-8B96-4694-B4EE-2886C8F22634}.Release|Any CPU.Build.0 = Release|Any CPU
		{CF803700-445D-4BF0-8F8D-0EADA1323F57}.Debug|Any CPU.ActiveCfg = Debug|Any CPU
		{CF803700-445D-4BF0-8F8D-0EADA1323F57}.Debug|Any CPU.Build.0 = Debug|Any CPU
		{CF803700-445D-4BF0-8F8D-0EADA1323F57}.Release|Any CPU.ActiveCfg = Release|Any CPU
		{CF803700-445D-4BF0-8F8D-0EADA1323F57}.Release|Any CPU.Build.0 = Release|Any CPU
		{3DFA944D-9363-467C-8E48-57AAE46B5E1A}.Debug|Any CPU.ActiveCfg = Debug|Any CPU
		{3DFA944D-9363-467C-8E48-57AAE46B5E1A}.Debug|Any CPU.Build.0 = Debug|Any CPU
		{3DFA944D-9363-467C-8E48-57AAE46B5E1A}.Release|Any CPU.ActiveCfg = Release|Any CPU
		{3DFA944D-9363-467C-8E48-57AAE46B5E1A}.Release|Any CPU.Build.0 = Release|Any CPU
		{897E0A92-9F8E-46C2-A3EF-53BA64EF37EF}.Debug|Any CPU.ActiveCfg = Debug|Any CPU
		{897E0A92-9F8E-46C2-A3EF-53BA64EF37EF}.Debug|Any CPU.Build.0 = Debug|Any CPU
		{897E0A92-9F8E-46C2-A3EF-53BA64EF37EF}.Release|Any CPU.ActiveCfg = Release|Any CPU
		{897E0A92-9F8E-46C2-A3EF-53BA64EF37EF}.Release|Any CPU.Build.0 = Release|Any CPU
		{6620BCBE-9BCB-4EC8-AF7C-A9342A3A71B3}.Debug|Any CPU.ActiveCfg = Debug|Any CPU
		{6620BCBE-9BCB-4EC8-AF7C-A9342A3A71B3}.Debug|Any CPU.Build.0 = Debug|Any CPU
		{6620BCBE-9BCB-4EC8-AF7C-A9342A3A71B3}.Release|Any CPU.ActiveCfg = Release|Any CPU
		{6620BCBE-9BCB-4EC8-AF7C-A9342A3A71B3}.Release|Any CPU.Build.0 = Release|Any CPU
		{84428C92-A6ED-4228-B30D-E6C4E8E77F27}.Debug|Any CPU.ActiveCfg = Debug|Any CPU
		{84428C92-A6ED-4228-B30D-E6C4E8E77F27}.Debug|Any CPU.Build.0 = Debug|Any CPU
		{84428C92-A6ED-4228-B30D-E6C4E8E77F27}.Release|Any CPU.ActiveCfg = Release|Any CPU
		{84428C92-A6ED-4228-B30D-E6C4E8E77F27}.Release|Any CPU.Build.0 = Release|Any CPU
		{43242B4F-753A-438F-B4D9-E4F3514DF4CD}.Debug|Any CPU.ActiveCfg = Debug|Any CPU
		{43242B4F-753A-438F-B4D9-E4F3514DF4CD}.Debug|Any CPU.Build.0 = Debug|Any CPU
		{43242B4F-753A-438F-B4D9-E4F3514DF4CD}.Release|Any CPU.ActiveCfg = Release|Any CPU
		{43242B4F-753A-438F-B4D9-E4F3514DF4CD}.Release|Any CPU.Build.0 = Release|Any CPU
		{603224EE-D8E0-4E73-AA36-A3F03DD4B112}.Debug|Any CPU.ActiveCfg = Debug|Any CPU
		{603224EE-D8E0-4E73-AA36-A3F03DD4B112}.Debug|Any CPU.Build.0 = Debug|Any CPU
		{603224EE-D8E0-4E73-AA36-A3F03DD4B112}.Release|Any CPU.ActiveCfg = Release|Any CPU
		{603224EE-D8E0-4E73-AA36-A3F03DD4B112}.Release|Any CPU.Build.0 = Release|Any CPU
		{13286412-CC00-4C73-84B6-8AF9EB273F8B}.Debug|Any CPU.ActiveCfg = Debug|Any CPU
		{13286412-CC00-4C73-84B6-8AF9EB273F8B}.Debug|Any CPU.Build.0 = Debug|Any CPU
		{13286412-CC00-4C73-84B6-8AF9EB273F8B}.Release|Any CPU.ActiveCfg = Release|Any CPU
		{13286412-CC00-4C73-84B6-8AF9EB273F8B}.Release|Any CPU.Build.0 = Release|Any CPU
	EndGlobalSection
	GlobalSection(SolutionProperties) = preSolution
		HideSolutionNode = FALSE
	EndGlobalSection
	GlobalSection(ExtensibilityGlobals) = postSolution
		SolutionGuid = {4FCB0C8F-3B05-47AF-9CE2-5DF2BBC78956}
	EndGlobalSection
EndGlobal
